// !$*UTF8*$!
{
	archiveVersion = 1;
	classes = {
	};
	objectVersion = 77;
	objects = {

/* Begin PBXContainerItemProxy section */
		3A743D682D58FB5800F7C420 /* PBXContainerItemProxy */ = {
			isa = PBXContainerItemProxy;
			containerPortal = 3A743D4F2D58FB5700F7C420 /* Project object */;
			proxyType = 1;
			remoteGlobalIDString = 3A743D562D58FB5700F7C420;
			remoteInfo = T19SC;
		};
		3A743D722D58FB5800F7C420 /* PBXContainerItemProxy */ = {
			isa = PBXContainerItemProxy;
			containerPortal = 3A743D4F2D58FB5700F7C420 /* Project object */;
			proxyType = 1;
			remoteGlobalIDString = 3A743D562D58FB5700F7C420;
			remoteInfo = T19SC;
		};
/* End PBXContainerItemProxy section */

/* Begin PBXFileReference section */
		3A743D572D58FB5700F7C420 /* T19SC.app */ = {isa = PBXFileReference; explicitFileType = wrapper.application; includeInIndex = 0; path = T19SC.app; sourceTree = BUILT_PRODUCTS_DIR; };
		3A743D672D58FB5800F7C420 /* T19SCTests.xctest */ = {isa = PBXFileReference; explicitFileType = wrapper.cfbundle; includeInIndex = 0; path = T19SCTests.xctest; sourceTree = BUILT_PRODUCTS_DIR; };
		3A743D712D58FB5800F7C420 /* T19SCUITests.xctest */ = {isa = PBXFileReference; explicitFileType = wrapper.cfbundle; includeInIndex = 0; path = T19SCUITests.xctest; sourceTree = BUILT_PRODUCTS_DIR; };
/* End PBXFileReference section */

/* Begin PBXFileSystemSynchronizedRootGroup section */
		3A743D592D58FB5700F7C420 /* T19SC */ = {
			isa = PBXFileSystemSynchronizedRootGroup;
			path = T19SC;
			sourceTree = "<group>";
		};
		3A743D6A2D58FB5800F7C420 /* T19SCTests */ = {
			isa = PBXFileSystemSynchronizedRootGroup;
			path = T19SCTests;
			sourceTree = "<group>";
		};
		3A743D742D58FB5800F7C420 /* T19SCUITests */ = {
			isa = PBXFileSystemSynchronizedRootGroup;
			path = T19SCUITests;
			sourceTree = "<group>";
		};
/* End PBXFileSystemSynchronizedRootGroup section */

/* Begin PBXFrameworksBuildPhase section */
		3A743D542D58FB5700F7C420 /* Frameworks */ = {
			isa = PBXFrameworksBuildPhase;
			buildActionMask = 2147483647;
			files = (
			);
			runOnlyForDeploymentPostprocessing = 0;
		};
		3A743D642D58FB5800F7C420 /* Frameworks */ = {
			isa = PBXFrameworksBuildPhase;
			buildActionMask = 2147483647;
			files = (
			);
			runOnlyForDeploymentPostprocessing = 0;
		};
		3A743D6E2D58FB5800F7C420 /* Frameworks */ = {
			isa = PBXFrameworksBuildPhase;
			buildActionMask = 2147483647;
			files = (
			);
			runOnlyForDeploymentPostprocessing = 0;
		};
/* End PBXFrameworksBuildPhase section */

/* Begin PBXGroup section */
		3A743D4E2D58FB5700F7C420 = {
			isa = PBXGroup;
			children = (
				3A743D592D58FB5700F7C420 /* T19SC */,
				3A743D6A2D58FB5800F7C420 /* T19SCTests */,
				3A743D742D58FB5800F7C420 /* T19SCUITests */,
				3A743D582D58FB5700F7C420 /* Products */,
			);
			sourceTree = "<group>";
		};
		3A743D582D58FB5700F7C420 /* Products */ = {
			isa = PBXGroup;
			children = (
				3A743D572D58FB5700F7C420 /* T19SC.app */,
				3A743D672D58FB5800F7C420 /* T19SCTests.xctest */,
				3A743D712D58FB5800F7C420 /* T19SCUITests.xctest */,
			);
			name = Products;
			sourceTree = "<group>";
		};
/* End PBXGroup section */

/* Begin PBXNativeTarget section */
		3A743D562D58FB5700F7C420 /* T19SC */ = {
			isa = PBXNativeTarget;
			buildConfigurationList = 3A743D7B2D58FB5800F7C420 /* Build configuration list for PBXNativeTarget "T19SC" */;
			buildPhases = (
				3A743D532D58FB5700F7C420 /* Sources */,
				3A743D542D58FB5700F7C420 /* Frameworks */,
				3A743D552D58FB5700F7C420 /* Resources */,
			);
			buildRules = (
			);
			dependencies = (
			);
			fileSystemSynchronizedGroups = (
				3A743D592D58FB5700F7C420 /* T19SC */,
			);
			name = T19SC;
			packageProductDependencies = (
			);
			productName = T19SC;
			productReference = 3A743D572D58FB5700F7C420 /* T19SC.app */;
			productType = "com.apple.product-type.application";
		};
		3A743D662D58FB5800F7C420 /* T19SCTests */ = {
			isa = PBXNativeTarget;
			buildConfigurationList = 3A743D7E2D58FB5800F7C420 /* Build configuration list for PBXNativeTarget "T19SCTests" */;
			buildPhases = (
				3A743D632D58FB5800F7C420 /* Sources */,
				3A743D642D58FB5800F7C420 /* Frameworks */,
				3A743D652D58FB5800F7C420 /* Resources */,
			);
			buildRules = (
			);
			dependencies = (
				3A743D692D58FB5800F7C420 /* PBXTargetDependency */,
			);
			fileSystemSynchronizedGroups = (
				3A743D6A2D58FB5800F7C420 /* T19SCTests */,
			);
			name = T19SCTests;
			packageProductDependencies = (
			);
			productName = T19SCTests;
			productReference = 3A743D672D58FB5800F7C420 /* T19SCTests.xctest */;
			productType = "com.apple.product-type.bundle.unit-test";
		};
		3A743D702D58FB5800F7C420 /* T19SCUITests */ = {
			isa = PBXNativeTarget;
			buildConfigurationList = 3A743D812D58FB5800F7C420 /* Build configuration list for PBXNativeTarget "T19SCUITests" */;
			buildPhases = (
				3A743D6D2D58FB5800F7C420 /* Sources */,
				3A743D6E2D58FB5800F7C420 /* Frameworks */,
				3A743D6F2D58FB5800F7C420 /* Resources */,
			);
			buildRules = (
			);
			dependencies = (
				3A743D732D58FB5800F7C420 /* PBXTargetDependency */,
			);
			fileSystemSynchronizedGroups = (
				3A743D742D58FB5800F7C420 /* T19SCUITests */,
			);
			name = T19SCUITests;
			packageProductDependencies = (
			);
			productName = T19SCUITests;
			productReference = 3A743D712D58FB5800F7C420 /* T19SCUITests.xctest */;
			productType = "com.apple.product-type.bundle.ui-testing";
		};
/* End PBXNativeTarget section */

/* Begin PBXProject section */
		3A743D4F2D58FB5700F7C420 /* Project object */ = {
			isa = PBXProject;
			attributes = {
				BuildIndependentTargetsInParallel = 1;
				LastSwiftUpdateCheck = 1620;
				LastUpgradeCheck = 1620;
				TargetAttributes = {
					3A743D562D58FB5700F7C420 = {
						CreatedOnToolsVersion = 16.2;
					};
					3A743D662D58FB5800F7C420 = {
						CreatedOnToolsVersion = 16.2;
						TestTargetID = 3A743D562D58FB5700F7C420;
					};
					3A743D702D58FB5800F7C420 = {
						CreatedOnToolsVersion = 16.2;
						TestTargetID = 3A743D562D58FB5700F7C420;
					};
				};
			};
			buildConfigurationList = 3A743D522D58FB5700F7C420 /* Build configuration list for PBXProject "T19SC" */;
			developmentRegion = en;
			hasScannedForEncodings = 0;
			knownRegions = (
				en,
				Base,
			);
			mainGroup = 3A743D4E2D58FB5700F7C420;
			minimizedProjectReferenceProxies = 1;
			preferredProjectObjectVersion = 77;
			productRefGroup = 3A743D582D58FB5700F7C420 /* Products */;
			projectDirPath = "";
			projectRoot = "";
			targets = (
				3A743D562D58FB5700F7C420 /* T19SC */,
				3A743D662D58FB5800F7C420 /* T19SCTests */,
				3A743D702D58FB5800F7C420 /* T19SCUITests */,
			);
		};
/* End PBXProject section */

/* Begin PBXResourcesBuildPhase section */
		3A743D552D58FB5700F7C420 /* Resources */ = {
			isa = PBXResourcesBuildPhase;
			buildActionMask = 2147483647;
			files = (
			);
			runOnlyForDeploymentPostprocessing = 0;
		};
		3A743D652D58FB5800F7C420 /* Resources */ = {
			isa = PBXResourcesBuildPhase;
			buildActionMask = 2147483647;
			files = (
			);
			runOnlyForDeploymentPostprocessing = 0;
		};
		3A743D6F2D58FB5800F7C420 /* Resources */ = {
			isa = PBXResourcesBuildPhase;
			buildActionMask = 2147483647;
			files = (
			);
			runOnlyForDeploymentPostprocessing = 0;
		};
/* End PBXResourcesBuildPhase section */

/* Begin PBXSourcesBuildPhase section */
		3A743D532D58FB5700F7C420 /* Sources */ = {
			isa = PBXSourcesBuildPhase;
			buildActionMask = 2147483647;
			files = (
			);
			runOnlyForDeploymentPostprocessing = 0;
		};
		3A743D632D58FB5800F7C420 /* Sources */ = {
			isa = PBXSourcesBuildPhase;
			buildActionMask = 2147483647;
			files = (
			);
			runOnlyForDeploymentPostprocessing = 0;
		};
		3A743D6D2D58FB5800F7C420 /* Sources */ = {
			isa = PBXSourcesBuildPhase;
			buildActionMask = 2147483647;
			files = (
			);
			runOnlyForDeploymentPostprocessing = 0;
		};
/* End PBXSourcesBuildPhase section */

/* Begin PBXTargetDependency section */
		3A743D692D58FB5800F7C420 /* PBXTargetDependency */ = {
			isa = PBXTargetDependency;
			target = 3A743D562D58FB5700F7C420 /* T19SC */;
			targetProxy = 3A743D682D58FB5800F7C420 /* PBXContainerItemProxy */;
		};
		3A743D732D58FB5800F7C420 /* PBXTargetDependency */ = {
			isa = PBXTargetDependency;
			target = 3A743D562D58FB5700F7C420 /* T19SC */;
			targetProxy = 3A743D722D58FB5800F7C420 /* PBXContainerItemProxy */;
		};
/* End PBXTargetDependency section */

/* Begin XCBuildConfiguration section */
		3A743D792D58FB5800F7C420 /* Debug */ = {
			isa = XCBuildConfiguration;
			buildSettings = {
				ALWAYS_SEARCH_USER_PATHS = NO;
				ASSETCATALOG_COMPILER_GENERATE_SWIFT_ASSET_SYMBOL_EXTENSIONS = YES;
				CLANG_ANALYZER_NONNULL = YES;
				CLANG_ANALYZER_NUMBER_OBJECT_CONVERSION = YES_AGGRESSIVE;
				CLANG_CXX_LANGUAGE_STANDARD = "gnu++20";
				CLANG_ENABLE_MODULES = YES;
				CLANG_ENABLE_OBJC_ARC = YES;
				CLANG_ENABLE_OBJC_WEAK = YES;
				CLANG_WARN_BLOCK_CAPTURE_AUTORELEASING = YES;
				CLANG_WARN_BOOL_CONVERSION = YES;
				CLANG_WARN_COMMA = YES;
				CLANG_WARN_CONSTANT_CONVERSION = YES;
				CLANG_WARN_DEPRECATED_OBJC_IMPLEMENTATIONS = YES;
				CLANG_WARN_DIRECT_OBJC_ISA_USAGE = YES_ERROR;
				CLANG_WARN_DOCUMENTATION_COMMENTS = YES;
				CLANG_WARN_EMPTY_BODY = YES;
				CLANG_WARN_ENUM_CONVERSION = YES;
				CLANG_WARN_INFINITE_RECURSION = YES;
				CLANG_WARN_INT_CONVERSION = YES;
				CLANG_WARN_NON_LITERAL_NULL_CONVERSION = YES;
				CLANG_WARN_OBJC_IMPLICIT_RETAIN_SELF = YES;
				CLANG_WARN_OBJC_LITERAL_CONVERSION = YES;
				CLANG_WARN_OBJC_ROOT_CLASS = YES_ERROR;
				CLANG_WARN_QUOTED_INCLUDE_IN_FRAMEWORK_HEADER = YES;
				CLANG_WARN_RANGE_LOOP_ANALYSIS = YES;
				CLANG_WARN_STRICT_PROTOTYPES = YES;
				CLANG_WARN_SUSPICIOUS_MOVE = YES;
				CLANG_WARN_UNGUARDED_AVAILABILITY = YES_AGGRESSIVE;
				CLANG_WARN_UNREACHABLE_CODE = YES;
				CLANG_WARN__DUPLICATE_METHOD_MATCH = YES;
				COPY_PHASE_STRIP = NO;
				DEBUG_INFORMATION_FORMAT = dwarf;
				ENABLE_STRICT_OBJC_MSGSEND = YES;
				ENABLE_TESTABILITY = YES;
				ENABLE_USER_SCRIPT_SANDBOXING = YES;
				GCC_C_LANGUAGE_STANDARD = gnu17;
				GCC_DYNAMIC_NO_PIC = NO;
				GCC_NO_COMMON_BLOCKS = YES;
				GCC_OPTIMIZATION_LEVEL = 0;
				GCC_PREPROCESSOR_DEFINITIONS = (
					"DEBUG=1",
					"$(inherited)",
				);
				GCC_WARN_64_TO_32_BIT_CONVERSION = YES;
				GCC_WARN_ABOUT_RETURN_TYPE = YES_ERROR;
				GCC_WARN_UNDECLARED_SELECTOR = YES;
				GCC_WARN_UNINITIALIZED_AUTOS = YES_AGGRESSIVE;
				GCC_WARN_UNUSED_FUNCTION = YES;
				GCC_WARN_UNUSED_VARIABLE = YES;
				IPHONEOS_DEPLOYMENT_TARGET = 18.2;
				LOCALIZATION_PREFERS_STRING_CATALOGS = YES;
				MTL_ENABLE_DEBUG_INFO = INCLUDE_SOURCE;
				MTL_FAST_MATH = YES;
				ONLY_ACTIVE_ARCH = YES;
				SDKROOT = iphoneos;
				SWIFT_ACTIVE_COMPILATION_CONDITIONS = "DEBUG $(inherited)";
				SWIFT_OPTIMIZATION_LEVEL = "-Onone";
			};
			name = Debug;
		};
		3A743D7A2D58FB5800F7C420 /* Release */ = {
			isa = XCBuildConfiguration;
			buildSettings = {
				ALWAYS_SEARCH_USER_PATHS = NO;
				ASSETCATALOG_COMPILER_GENERATE_SWIFT_ASSET_SYMBOL_EXTENSIONS = YES;
				CLANG_ANALYZER_NONNULL = YES;
				CLANG_ANALYZER_NUMBER_OBJECT_CONVERSION = YES_AGGRESSIVE;
				CLANG_CXX_LANGUAGE_STANDARD = "gnu++20";
				CLANG_ENABLE_MODULES = YES;
				CLANG_ENABLE_OBJC_ARC = YES;
				CLANG_ENABLE_OBJC_WEAK = YES;
				CLANG_WARN_BLOCK_CAPTURE_AUTORELEASING = YES;
				CLANG_WARN_BOOL_CONVERSION = YES;
				CLANG_WARN_COMMA = YES;
				CLANG_WARN_CONSTANT_CONVERSION = YES;
				CLANG_WARN_DEPRECATED_OBJC_IMPLEMENTATIONS = YES;
				CLANG_WARN_DIRECT_OBJC_ISA_USAGE = YES_ERROR;
				CLANG_WARN_DOCUMENTATION_COMMENTS = YES;
				CLANG_WARN_EMPTY_BODY = YES;
				CLANG_WARN_ENUM_CONVERSION = YES;
				CLANG_WARN_INFINITE_RECURSION = YES;
				CLANG_WARN_INT_CONVERSION = YES;
				CLANG_WARN_NON_LITERAL_NULL_CONVERSION = YES;
				CLANG_WARN_OBJC_IMPLICIT_RETAIN_SELF = YES;
				CLANG_WARN_OBJC_LITERAL_CONVERSION = YES;
				CLANG_WARN_OBJC_ROOT_CLASS = YES_ERROR;
				CLANG_WARN_QUOTED_INCLUDE_IN_FRAMEWORK_HEADER = YES;
				CLANG_WARN_RANGE_LOOP_ANALYSIS = YES;
				CLANG_WARN_STRICT_PROTOTYPES = YES;
				CLANG_WARN_SUSPICIOUS_MOVE = YES;
				CLANG_WARN_UNGUARDED_AVAILABILITY = YES_AGGRESSIVE;
				CLANG_WARN_UNREACHABLE_CODE = YES;
				CLANG_WARN__DUPLICATE_METHOD_MATCH = YES;
				COPY_PHASE_STRIP = NO;
				DEBUG_INFORMATION_FORMAT = "dwarf-with-dsym";
				ENABLE_NS_ASSERTIONS = NO;
				ENABLE_STRICT_OBJC_MSGSEND = YES;
				ENABLE_USER_SCRIPT_SANDBOXING = YES;
				GCC_C_LANGUAGE_STANDARD = gnu17;
				GCC_NO_COMMON_BLOCKS = YES;
				GCC_WARN_64_TO_32_BIT_CONVERSION = YES;
				GCC_WARN_ABOUT_RETURN_TYPE = YES_ERROR;
				GCC_WARN_UNDECLARED_SELECTOR = YES;
				GCC_WARN_UNINITIALIZED_AUTOS = YES_AGGRESSIVE;
				GCC_WARN_UNUSED_FUNCTION = YES;
				GCC_WARN_UNUSED_VARIABLE = YES;
				IPHONEOS_DEPLOYMENT_TARGET = 18.2;
				LOCALIZATION_PREFERS_STRING_CATALOGS = YES;
				MTL_ENABLE_DEBUG_INFO = NO;
				MTL_FAST_MATH = YES;
				SDKROOT = iphoneos;
				SWIFT_COMPILATION_MODE = wholemodule;
				VALIDATE_PRODUCT = YES;
			};
			name = Release;
		};
		3A743D7C2D58FB5800F7C420 /* Debug */ = {
			isa = XCBuildConfiguration;
			buildSettings = {
				ASSETCATALOG_COMPILER_APPICON_NAME = AppIcon;
				ASSETCATALOG_COMPILER_GLOBAL_ACCENT_COLOR_NAME = AccentColor;
				CODE_SIGN_STYLE = Automatic;
				CURRENT_PROJECT_VERSION = 1;
				DEVELOPMENT_ASSET_PATHS = "\"T19SC/Preview Content\"";
				DEVELOPMENT_TEAM = 9PAHLTG8AD;
				ENABLE_PREVIEWS = YES;
				GENERATE_INFOPLIST_FILE = YES;
				INFOPLIST_KEY_UIApplicationSceneManifest_Generation = YES;
				INFOPLIST_KEY_UIApplicationSupportsIndirectInputEvents = YES;
				INFOPLIST_KEY_UILaunchScreen_Generation = YES;
				INFOPLIST_KEY_UISupportedInterfaceOrientations_iPad = "UIInterfaceOrientationPortrait UIInterfaceOrientationPortraitUpsideDown UIInterfaceOrientationLandscapeLeft UIInterfaceOrientationLandscapeRight";
				INFOPLIST_KEY_UISupportedInterfaceOrientations_iPhone = "UIInterfaceOrientationPortrait UIInterfaceOrientationLandscapeLeft UIInterfaceOrientationLandscapeRight";
				LD_RUNPATH_SEARCH_PATHS = (
					"$(inherited)",
					"@executable_path/Frameworks",
				);
				MARKETING_VERSION = 1.0;
				PRODUCT_BUNDLE_IDENTIFIER = media.1998.T19SC;
				PRODUCT_NAME = "$(TARGET_NAME)";
				SWIFT_EMIT_LOC_STRINGS = YES;
				SWIFT_VERSION = 5.0;
				TARGETED_DEVICE_FAMILY = "1,2";
			};
			name = Debug;
		};
		3A743D7D2D58FB5800F7C420 /* Release */ = {
			isa = XCBuildConfiguration;
			buildSettings = {
				ASSETCATALOG_COMPILER_APPICON_NAME = AppIcon;
				ASSETCATALOG_COMPILER_GLOBAL_ACCENT_COLOR_NAME = AccentColor;
				CODE_SIGN_STYLE = Automatic;
				CURRENT_PROJECT_VERSION = 1;
				DEVELOPMENT_ASSET_PATHS = "\"T19SC/Preview Content\"";
				DEVELOPMENT_TEAM = 9PAHLTG8AD;
				ENABLE_PREVIEWS = YES;
				GENERATE_INFOPLIST_FILE = YES;
				INFOPLIST_KEY_UIApplicationSceneManifest_Generation = YES;
				INFOPLIST_KEY_UIApplicationSupportsIndirectInputEvents = YES;
				INFOPLIST_KEY_UILaunchScreen_Generation = YES;
				INFOPLIST_KEY_UISupportedInterfaceOrientations_iPad = "UIInterfaceOrientationPortrait UIInterfaceOrientationPortraitUpsideDown UIInterfaceOrientationLandscapeLeft UIInterfaceOrientationLandscapeRight";
				INFOPLIST_KEY_UISupportedInterfaceOrientations_iPhone = "UIInterfaceOrientationPortrait UIInterfaceOrientationLandscapeLeft UIInterfaceOrientationLandscapeRight";
				LD_RUNPATH_SEARCH_PATHS = (
					"$(inherited)",
					"@executable_path/Frameworks",
				);
				MARKETING_VERSION = 1.0;
				PRODUCT_BUNDLE_IDENTIFIER = media.1998.T19SC;
				PRODUCT_NAME = "$(TARGET_NAME)";
				SWIFT_EMIT_LOC_STRINGS = YES;
				SWIFT_VERSION = 5.0;
				TARGETED_DEVICE_FAMILY = "1,2";
			};
			name = Release;
		};
		3A743D7F2D58FB5800F7C420 /* Debug */ = {
			isa = XCBuildConfiguration;
			buildSettings = {
				BUNDLE_LOADER = "$(TEST_HOST)";
				CODE_SIGN_STYLE = Automatic;
				CURRENT_PROJECT_VERSION = 1;
				DEVELOPMENT_TEAM = 9PAHLTG8AD;
				GENERATE_INFOPLIST_FILE = YES;
				IPHONEOS_DEPLOYMENT_TARGET = 18.2;
				MARKETING_VERSION = 1.0;
				PRODUCT_BUNDLE_IDENTIFIER = media.1998.T19SCTests;
				PRODUCT_NAME = "$(TARGET_NAME)";
				SWIFT_EMIT_LOC_STRINGS = NO;
				SWIFT_VERSION = 5.0;
				TARGETED_DEVICE_FAMILY = "1,2";
				TEST_HOST = "$(BUILT_PRODUCTS_DIR)/T19SC.app/$(BUNDLE_EXECUTABLE_FOLDER_PATH)/T19SC";
			};
			name = Debug;
		};
		3A743D802D58FB5800F7C420 /* Release */ = {
			isa = XCBuildConfiguration;
			buildSettings = {
				BUNDLE_LOADER = "$(TEST_HOST)";
				CODE_SIGN_STYLE = Automatic;
				CURRENT_PROJECT_VERSION = 1;
				DEVELOPMENT_TEAM = 9PAHLTG8AD;
				GENERATE_INFOPLIST_FILE = YES;
				IPHONEOS_DEPLOYMENT_TARGET = 18.2;
				MARKETING_VERSION = 1.0;
				PRODUCT_BUNDLE_IDENTIFIER = media.1998.T19SCTests;
				PRODUCT_NAME = "$(TARGET_NAME)";
				SWIFT_EMIT_LOC_STRINGS = NO;
				SWIFT_VERSION = 5.0;
				TARGETED_DEVICE_FAMILY = "1,2";
				TEST_HOST = "$(BUILT_PRODUCTS_DIR)/T19SC.app/$(BUNDLE_EXECUTABLE_FOLDER_PATH)/T19SC";
			};
			name = Release;
		};
		3A743D822D58FB5800F7C420 /* Debug */ = {
			isa = XCBuildConfiguration;
			buildSettings = {
				CODE_SIGN_STYLE = Automatic;
				CURRENT_PROJECT_VERSION = 1;
				DEVELOPMENT_TEAM = 9PAHLTG8AD;
				GENERATE_INFOPLIST_FILE = YES;
				MARKETING_VERSION = 1.0;
				PRODUCT_BUNDLE_IDENTIFIER = media.1998.T19SCUITests;
				PRODUCT_NAME = "$(TARGET_NAME)";
				SWIFT_EMIT_LOC_STRINGS = NO;
				SWIFT_VERSION = 5.0;
				TARGETED_DEVICE_FAMILY = "1,2";
				TEST_TARGET_NAME = T19SC;
			};
			name = Debug;
		};
		3A743D832D58FB5800F7C420 /* Release */ = {
			isa = XCBuildConfiguration;
			buildSettings = {
				CODE_SIGN_STYLE = Automatic;
				CURRENT_PROJECT_VERSION = 1;
				DEVELOPMENT_TEAM = 9PAHLTG8AD;
				GENERATE_INFOPLIST_FILE = YES;
				MARKETING_VERSION = 1.0;
				PRODUCT_BUNDLE_IDENTIFIER = media.1998.T19SCUITests;
				PRODUCT_NAME = "$(TARGET_NAME)";
				SWIFT_EMIT_LOC_STRINGS = NO;
				SWIFT_VERSION = 5.0;
				TARGETED_DEVICE_FAMILY = "1,2";
				TEST_TARGET_NAME = T19SC;
			};
			name = Release;
		};
/* End XCBuildConfiguration section */

/* Begin XCConfigurationList section */
		3A743D522D58FB5700F7C420 /* Build configuration list for PBXProject "T19SC" */ = {
			isa = XCConfigurationList;
			buildConfigurations = (
				3A743D792D58FB5800F7C420 /* Debug */,
				3A743D7A2D58FB5800F7C420 /* Release */,
			);
			defaultConfigurationIsVisible = 0;
			defaultConfigurationName = Release;
		};
		3A743D7B2D58FB5800F7C420 /* Build configuration list for PBXNativeTarget "T19SC" */ = {
			isa = XCConfigurationList;
			buildConfigurations = (
				3A743D7C2D58FB5800F7C420 /* Debug */,
				3A743D7D2D58FB5800F7C420 /* Release */,
			);
			defaultConfigurationIsVisible = 0;
			defaultConfigurationName = Release;
		};
		3A743D7E2D58FB5800F7C420 /* Build configuration list for PBXNativeTarget "T19SCTests" */ = {
			isa = XCConfigurationList;
			buildConfigurations = (
				3A743D7F2D58FB5800F7C420 /* Debug */,
				3A743D802D58FB5800F7C420 /* Release */,
			);
			defaultConfigurationIsVisible = 0;
			defaultConfigurationName = Release;
		};
		3A743D812D58FB5800F7C420 /* Build configuration list for PBXNativeTarget "T19SCUITests" */ = {
			isa = XCConfigurationList;
			buildConfigurations = (
				3A743D822D58FB5800F7C420 /* Debug */,
				3A743D832D58FB5800F7C420 /* Release */,
			);
			defaultConfigurationIsVisible = 0;
			defaultConfigurationName = Release;
		};
/* End XCConfigurationList section */
	};
	rootObject = 3A743D4F2D58FB5700F7C420 /* Project object */;
}
